
Microsoft Visual Studio Solution File, Format Version 12.00
# Visual Studio Version 17
VisualStudioVersion = 17.0.31903.59
MinimumVisualStudioVersion = 10.0.40219.1
Project("{9A19103F-16F7-4668-BE54-9A1E7A4F7556}") = "PetStore.Models", "PetStore.Models\PetStore.Models.csproj", "{51B3E4BF-FE5D-4048-AB06-1B71C54860F3}"
EndProject
Project("{9A19103F-16F7-4668-BE54-9A1E7A4F7556}") = "PetShop.Common", "PetShop.Common\PetShop.Common.csproj", "{C72FEE98-D42A-4BDD-B318-5259494E8BB3}"
EndProject
Project("{9A19103F-16F7-4668-BE54-9A1E7A4F7556}") = "PetShop.Data", "PetShop.Data\PetShop.Data.csproj", "{6675F300-298E-42DF-AABD-C935BCD2279C}"
EndProject
Project("{9A19103F-16F7-4668-BE54-9A1E7A4F7556}") = "PetStore.Services", "PetStore.Services\PetStore.Services.csproj", "{BD27CCA6-58E4-4E82-97A4-51FD14F4FED9}"
EndProject
Project("{FAE04EC0-301F-11D3-BF4B-00C04F79EFBC}") = "PetStore.Web", "PetStore.Web\PetStore.Web.csproj", "{3C75A2F0-432B-42BE-ABE7-C6DF8B9070DC}"
EndProject
Global
	GlobalSection(SolutionConfigurationPlatforms) = preSolution
		Debug|Any CPU = Debug|Any CPU
		Release|Any CPU = Release|Any CPU
	EndGlobalSection
	GlobalSection(ProjectConfigurationPlatforms) = postSolution
		{51B3E4BF-FE5D-4048-AB06-1B71C54860F3}.Debug|Any CPU.ActiveCfg = Debug|Any CPU
		{51B3E4BF-FE5D-4048-AB06-1B71C54860F3}.Debug|Any CPU.Build.0 = Debug|Any CPU
		{51B3E4BF-FE5D-4048-AB06-1B71C54860F3}.Release|Any CPU.ActiveCfg = Release|Any CPU
		{51B3E4BF-FE5D-4048-AB06-1B71C54860F3}.Release|Any CPU.Build.0 = Release|Any CPU
		{C72FEE98-D42A-4BDD-B318-5259494E8BB3}.Debug|Any CPU.ActiveCfg = Debug|Any CPU
		{C72FEE98-D42A-4BDD-B318-5259494E8BB3}.Debug|Any CPU.Build.0 = Debug|Any CPU
		{C72FEE98-D42A-4BDD-B318-5259494E8BB3}.Release|Any CPU.ActiveCfg = Release|Any CPU
		{C72FEE98-D42A-4BDD-B318-5259494E8BB3}.Release|Any CPU.Build.0 = Release|Any CPU
		{6675F300-298E-42DF-AABD-C935BCD2279C}.Debug|Any CPU.ActiveCfg = Debug|Any CPU
		{6675F300-298E-42DF-AABD-C935BCD2279C}.Debug|Any CPU.Build.0 = Debug|Any CPU
		{6675F300-298E-42DF-AABD-C935BCD2279C}.Release|Any CPU.ActiveCfg = Release|Any CPU
		{6675F300-298E-42DF-AABD-C935BCD2279C}.Release|Any CPU.Build.0 = Release|Any CPU
		{BD27CCA6-58E4-4E82-97A4-51FD14F4FED9}.Debug|Any CPU.ActiveCfg = Debug|Any CPU
		{BD27CCA6-58E4-4E82-97A4-51FD14F4FED9}.Debug|Any CPU.Build.0 = Debug|Any CPU
		{BD27CCA6-58E4-4E82-97A4-51FD14F4FED9}.Release|Any CPU.ActiveCfg = Release|Any CPU
		{BD27CCA6-58E4-4E82-97A4-51FD14F4FED9}.Release|Any CPU.Build.0 = Release|Any CPU
		{3C75A2F0-432B-42BE-ABE7-C6DF8B9070DC}.Debug|Any CPU.ActiveCfg = Debug|Any CPU
		{3C75A2F0-432B-42BE-ABE7-C6DF8B9070DC}.Debug|Any CPU.Build.0 = Debug|Any CPU
		{3C75A2F0-432B-42BE-ABE7-C6DF8B9070DC}.Release|Any CPU.ActiveCfg = Release|Any CPU
		{3C75A2F0-432B-42BE-ABE7-C6DF8B9070DC}.Release|Any CPU.Build.0 = Release|Any CPU
	EndGlobalSection
	GlobalSection(SolutionProperties) = preSolution
		HideSolutionNode = FALSE
	EndGlobalSection
	GlobalSection(ExtensibilityGlobals) = postSolution
		SolutionGuid = {CF56A61A-0195-441B-A84F-EF49C664A2C4}
	EndGlobalSection
EndGlobal
